// !$*UTF8*$!
{
	archiveVersion = 1;
	classes = {
	};
	objectVersion = 50;
	objects = {

/* Begin PBXBuildFile section */
		494667EA60BF4E1144F667C0 /* Pods_searchBio.framework in Frameworks */ = {isa = PBXBuildFile; fileRef = D9AEF593D1D2BD5972089F75 /* Pods_searchBio.framework */; };
		BF204D3C232CF0F600AC4E0E /* AppDelegate.swift in Sources */ = {isa = PBXBuildFile; fileRef = BF204D3B232CF0F600AC4E0E /* AppDelegate.swift */; };
		BF204D3E232CF0F600AC4E0E /* ViewController.swift in Sources */ = {isa = PBXBuildFile; fileRef = BF204D3D232CF0F600AC4E0E /* ViewController.swift */; };
		BF204D41232CF0F600AC4E0E /* Main.storyboard in Resources */ = {isa = PBXBuildFile; fileRef = BF204D3F232CF0F600AC4E0E /* Main.storyboard */; };
		BF204D43232CF0F700AC4E0E /* Assets.xcassets in Resources */ = {isa = PBXBuildFile; fileRef = BF204D42232CF0F700AC4E0E /* Assets.xcassets */; };
		BF204D46232CF0F700AC4E0E /* LaunchScreen.storyboard in Resources */ = {isa = PBXBuildFile; fileRef = BF204D44232CF0F700AC4E0E /* LaunchScreen.storyboard */; };
		BF204D4E232D435700AC4E0E /* ViewController2.swift in Sources */ = {isa = PBXBuildFile; fileRef = BF204D4D232D435700AC4E0E /* ViewController2.swift */; };
		BF204D50232D5E7500AC4E0E /* GoogleService-Info.plist in Resources */ = {isa = PBXBuildFile; fileRef = BF204D4F232D5E7500AC4E0E /* GoogleService-Info.plist */; };
/* End PBXBuildFile section */

/* Begin PBXFileReference section */
		45D481314A28E8143B95174D /* Pods-searchBio.debug.xcconfig */ = {isa = PBXFileReference; includeInIndex = 1; lastKnownFileType = text.xcconfig; name = "Pods-searchBio.debug.xcconfig"; path = "Target Support Files/Pods-searchBio/Pods-searchBio.debug.xcconfig"; sourceTree = "<group>"; };
		BF204D38232CF0F600AC4E0E /* searchBio.app */ = {isa = PBXFileReference; explicitFileType = wrapper.application; includeInIndex = 0; path = searchBio.app; sourceTree = BUILT_PRODUCTS_DIR; };
		BF204D3B232CF0F600AC4E0E /* AppDelegate.swift */ = {isa = PBXFileReference; lastKnownFileType = sourcecode.swift; path = AppDelegate.swift; sourceTree = "<group>"; };
		BF204D3D232CF0F600AC4E0E /* ViewController.swift */ = {isa = PBXFileReference; lastKnownFileType = sourcecode.swift; path = ViewController.swift; sourceTree = "<group>"; };
		BF204D40232CF0F600AC4E0E /* Base */ = {isa = PBXFileReference; lastKnownFileType = file.storyboard; name = Base; path = Base.lproj/Main.storyboard; sourceTree = "<group>"; };
		BF204D42232CF0F700AC4E0E /* Assets.xcassets */ = {isa = PBXFileReference; lastKnownFileType = folder.assetcatalog; path = Assets.xcassets; sourceTree = "<group>"; };
		BF204D45232CF0F700AC4E0E /* Base */ = {isa = PBXFileReference; lastKnownFileType = file.storyboard; name = Base; path = Base.lproj/LaunchScreen.storyboard; sourceTree = "<group>"; };
		BF204D47232CF0F700AC4E0E /* Info.plist */ = {isa = PBXFileReference; lastKnownFileType = text.plist.xml; path = Info.plist; sourceTree = "<group>"; };
		BF204D4D232D435700AC4E0E /* ViewController2.swift */ = {isa = PBXFileReference; lastKnownFileType = sourcecode.swift; path = ViewController2.swift; sourceTree = "<group>"; };
		BF204D4F232D5E7500AC4E0E /* GoogleService-Info.plist */ = {isa = PBXFileReference; fileEncoding = 4; lastKnownFileType = text.plist.xml; path = "GoogleService-Info.plist"; sourceTree = "<group>"; };
		CD3F5E71B2C0889747983B1E /* Pods-searchBio.release.xcconfig */ = {isa = PBXFileReference; includeInIndex = 1; lastKnownFileType = text.xcconfig; name = "Pods-searchBio.release.xcconfig"; path = "Target Support Files/Pods-searchBio/Pods-searchBio.release.xcconfig"; sourceTree = "<group>"; };
		D9AEF593D1D2BD5972089F75 /* Pods_searchBio.framework */ = {isa = PBXFileReference; explicitFileType = wrapper.framework; includeInIndex = 0; path = Pods_searchBio.framework; sourceTree = BUILT_PRODUCTS_DIR; };
/* End PBXFileReference section */

/* Begin PBXFrameworksBuildPhase section */
		BF204D35232CF0F600AC4E0E /* Frameworks */ = {
			isa = PBXFrameworksBuildPhase;
			buildActionMask = 2147483647;
			files = (
				494667EA60BF4E1144F667C0 /* Pods_searchBio.framework in Frameworks */,
			);
			runOnlyForDeploymentPostprocessing = 0;
		};
/* End PBXFrameworksBuildPhase section */

/* Begin PBXGroup section */
		BF204D2F232CF0F600AC4E0E = {
			isa = PBXGroup;
			children = (
				BF204D3A232CF0F600AC4E0E /* searchBio */,
				BF204D39232CF0F600AC4E0E /* Products */,
				DB155F80D20787B7DE9FFF8B /* Pods */,
				C705AC250F66A1337492FCB0 /* Frameworks */,
			);
			sourceTree = "<group>";
		};
		BF204D39232CF0F600AC4E0E /* Products */ = {
			isa = PBXGroup;
			children = (
				BF204D38232CF0F600AC4E0E /* searchBio.app */,
			);
			name = Products;
			sourceTree = "<group>";
		};
		BF204D3A232CF0F600AC4E0E /* searchBio */ = {
			isa = PBXGroup;
			children = (
				BF204D3B232CF0F600AC4E0E /* AppDelegate.swift */,
				BF204D3D232CF0F600AC4E0E /* ViewController.swift */,
				BF204D3F232CF0F600AC4E0E /* Main.storyboard */,
				BF204D4D232D435700AC4E0E /* ViewController2.swift */,
				BF204D42232CF0F700AC4E0E /* Assets.xcassets */,
				BF204D44232CF0F700AC4E0E /* LaunchScreen.storyboard */,
				BF204D47232CF0F700AC4E0E /* Info.plist */,
				BF204D4F232D5E7500AC4E0E /* GoogleService-Info.plist */,
			);
			path = searchBio;
			sourceTree = "<group>";
		};
		C705AC250F66A1337492FCB0 /* Frameworks */ = {
			isa = PBXGroup;
			children = (
				D9AEF593D1D2BD5972089F75 /* Pods_searchBio.framework */,
			);
			name = Frameworks;
			sourceTree = "<group>";
		};
		DB155F80D20787B7DE9FFF8B /* Pods */ = {
			isa = PBXGroup;
			children = (
				45D481314A28E8143B95174D /* Pods-searchBio.debug.xcconfig */,
				CD3F5E71B2C0889747983B1E /* Pods-searchBio.release.xcconfig */,
			);
			name = Pods;
			path = Pods;
			sourceTree = "<group>";
		};
/* End PBXGroup section */

/* Begin PBXNativeTarget section */
		BF204D37232CF0F600AC4E0E /* searchBio */ = {
			isa = PBXNativeTarget;
			buildConfigurationList = BF204D4A232CF0F700AC4E0E /* Build configuration list for PBXNativeTarget "searchBio" */;
			buildPhases = (
				9657F354DEEEE3006610AE8B /* [CP] Check Pods Manifest.lock */,
				BF204D34232CF0F600AC4E0E /* Sources */,
				BF204D35232CF0F600AC4E0E /* Frameworks */,
				BF204D36232CF0F600AC4E0E /* Resources */,
				CB9887B799BB85847994687E /* [CP] Embed Pods Frameworks */,
			);
			buildRules = (
			);
			dependencies = (
			);
			name = searchBio;
			productName = searchBio;
			productReference = BF204D38232CF0F600AC4E0E /* searchBio.app */;
			productType = "com.apple.product-type.application";
		};
/* End PBXNativeTarget section */

/* Begin PBXProject section */
		BF204D30232CF0F600AC4E0E /* Project object */ = {
			isa = PBXProject;
			attributes = {
				LastSwiftUpdateCheck = 1030;
				LastUpgradeCheck = 1030;
				ORGANIZATIONNAME = "Vincent Peng";
				TargetAttributes = {
					BF204D37232CF0F600AC4E0E = {
						CreatedOnToolsVersion = 10.3;
					};
				};
			};
			buildConfigurationList = BF204D33232CF0F600AC4E0E /* Build configuration list for PBXProject "searchBio" */;
			compatibilityVersion = "Xcode 9.3";
			developmentRegion = en;
			hasScannedForEncodings = 0;
			knownRegions = (
				en,
				Base,
			);
			mainGroup = BF204D2F232CF0F600AC4E0E;
			productRefGroup = BF204D39232CF0F600AC4E0E /* Products */;
			projectDirPath = "";
			projectRoot = "";
			targets = (
				BF204D37232CF0F600AC4E0E /* searchBio */,
			);
		};
/* End PBXProject section */

/* Begin PBXResourcesBuildPhase section */
		BF204D36232CF0F600AC4E0E /* Resources */ = {
			isa = PBXResourcesBuildPhase;
			buildActionMask = 2147483647;
			files = (
				BF204D46232CF0F700AC4E0E /* LaunchScreen.storyboard in Resources */,
				BF204D50232D5E7500AC4E0E /* GoogleService-Info.plist in Resources */,
				BF204D43232CF0F700AC4E0E /* Assets.xcassets in Resources */,
				BF204D41232CF0F600AC4E0E /* Main.storyboard in Resources */,
			);
			runOnlyForDeploymentPostprocessing = 0;
		};
/* End PBXResourcesBuildPhase section */

/* Begin PBXShellScriptBuildPhase section */
		9657F354DEEEE3006610AE8B /* [CP] Check Pods Manifest.lock */ = {
			isa = PBXShellScriptBuildPhase;
			buildActionMask = 2147483647;
			files = (
			);
			inputFileListPaths = (
			);
			inputPaths = (
				"${PODS_PODFILE_DIR_PATH}/Podfile.lock",
				"${PODS_ROOT}/Manifest.lock",
			);
			name = "[CP] Check Pods Manifest.lock";
			outputFileListPaths = (
			);
			outputPaths = (
				"$(DERIVED_FILE_DIR)/Pods-searchBio-checkManifestLockResult.txt",
			);
			runOnlyForDeploymentPostprocessing = 0;
			shellPath = /bin/sh;
			shellScript = "diff \"${PODS_PODFILE_DIR_PATH}/Podfile.lock\" \"${PODS_ROOT}/Manifest.lock\" > /dev/null\nif [ $? != 0 ] ; then\n    # print error to STDERR\n    echo \"error: The sandbox is not in sync with the Podfile.lock. Run 'pod install' or update your CocoaPods installation.\" >&2\n    exit 1\nfi\n# This output is used by Xcode 'outputs' to avoid re-running this script phase.\necho \"SUCCESS\" > \"${SCRIPT_OUTPUT_FILE_0}\"\n";
			showEnvVarsInLog = 0;
		};
		CB9887B799BB85847994687E /* [CP] Embed Pods Frameworks */ = {
			isa = PBXShellScriptBuildPhase;
			buildActionMask = 2147483647;
			files = (
			);
			inputFileListPaths = (
				"${PODS_ROOT}/Target Support Files/Pods-searchBio/Pods-searchBio-frameworks-${CONFIGURATION}-input-files.xcfilelist",
			);
			name = "[CP] Embed Pods Frameworks";
			outputFileListPaths = (
				"${PODS_ROOT}/Target Support Files/Pods-searchBio/Pods-searchBio-frameworks-${CONFIGURATION}-output-files.xcfilelist",
			);
			runOnlyForDeploymentPostprocessing = 0;
			shellPath = /bin/sh;
			shellScript = "\"${PODS_ROOT}/Target Support Files/Pods-searchBio/Pods-searchBio-frameworks.sh\"\n";
			showEnvVarsInLog = 0;
		};
/* End PBXShellScriptBuildPhase section */

/* Begin PBXSourcesBuildPhase section */
		BF204D34232CF0F600AC4E0E /* Sources */ = {
			isa = PBXSourcesBuildPhase;
			buildActionMask = 2147483647;
			files = (
				BF204D3E232CF0F600AC4E0E /* ViewController.swift in Sources */,
				BF204D3C232CF0F600AC4E0E /* AppDelegate.swift in Sources */,
				BF204D4E232D435700AC4E0E /* ViewController2.swift in Sources */,
			);
			runOnlyForDeploymentPostprocessing = 0;
		};
/* End PBXSourcesBuildPhase section */

/* Begin PBXVariantGroup section */
		BF204D3F232CF0F600AC4E0E /* Main.storyboard */ = {
			isa = PBXVariantGroup;
			children = (
				BF204D40232CF0F600AC4E0E /* Base */,
			);
			name = Main.storyboard;
			sourceTree = "<group>";
		};
		BF204D44232CF0F700AC4E0E /* LaunchScreen.storyboard */ = {
			isa = PBXVariantGroup;
			children = (
				BF204D45232CF0F700AC4E0E /* Base */,
			);
			name = LaunchScreen.storyboard;
			sourceTree = "<group>";
		};
/* End PBXVariantGroup section */

/* Begin XCBuildConfiguration section */
		BF204D48232CF0F700AC4E0E /* Debug */ = {
			isa = XCBuildConfiguration;
			buildSettings = {
				ALWAYS_SEARCH_USER_PATHS = NO;
				CLANG_ANALYZER_NONNULL = YES;
				CLANG_ANALYZER_NUMBER_OBJECT_CONVERSION = YES_AGGRESSIVE;
				CLANG_CXX_LANGUAGE_STANDARD = "gnu++14";
				CLANG_CXX_LIBRARY = "libc++";
				CLANG_ENABLE_MODULES = YES;
				CLANG_ENABLE_OBJC_ARC = YES;
				CLANG_ENABLE_OBJC_WEAK = YES;
				CLANG_WARN_BLOCK_CAPTURE_AUTORELEASING = YES;
				CLANG_WARN_BOOL_CONVERSION = YES;
				CLANG_WARN_COMMA = YES;
				CLANG_WARN_CONSTANT_CONVERSION = YES;
				CLANG_WARN_DEPRECATED_OBJC_IMPLEMENTATIONS = YES;
				CLANG_WARN_DIRECT_OBJC_ISA_USAGE = YES_ERROR;
				CLANG_WARN_DOCUMENTATION_COMMENTS = YES;
				CLANG_WARN_EMPTY_BODY = YES;
				CLANG_WARN_ENUM_CONVERSION = YES;
				CLANG_WARN_INFINITE_RECURSION = YES;
				CLANG_WARN_INT_CONVERSION = YES;
				CLANG_WARN_NON_LITERAL_NULL_CONVERSION = YES;
				CLANG_WARN_OBJC_IMPLICIT_RETAIN_SELF = YES;
				CLANG_WARN_OBJC_LITERAL_CONVERSION = YES;
				CLANG_WARN_OBJC_ROOT_CLASS = YES_ERROR;
				CLANG_WARN_RANGE_LOOP_ANALYSIS = YES;
				CLANG_WARN_STRICT_PROTOTYPES = YES;
				CLANG_WARN_SUSPICIOUS_MOVE = YES;
				CLANG_WARN_UNGUARDED_AVAILABILITY = YES_AGGRESSIVE;
				CLANG_WARN_UNREACHABLE_CODE = YES;
				CLANG_WARN__DUPLICATE_METHOD_MATCH = YES;
				CODE_SIGN_IDENTITY = "iPhone Developer";
				COPY_PHASE_STRIP = NO;
				DEBUG_INFORMATION_FORMAT = dwarf;
				ENABLE_STRICT_OBJC_MSGSEND = YES;
				ENABLE_TESTABILITY = YES;
				GCC_C_LANGUAGE_STANDARD = gnu11;
				GCC_DYNAMIC_NO_PIC = NO;
				GCC_NO_COMMON_BLOCKS = YES;
				GCC_OPTIMIZATION_LEVEL = 0;
				GCC_PREPROCESSOR_DEFINITIONS = (
					"DEBUG=1",
					"$(inherited)",
				);
				GCC_WARN_64_TO_32_BIT_CONVERSION = YES;
				GCC_WARN_ABOUT_RETURN_TYPE = YES_ERROR;
				GCC_WARN_UNDECLARED_SELECTOR = YES;
				GCC_WARN_UNINITIALIZED_AUTOS = YES_AGGRESSIVE;
				GCC_WARN_UNUSED_FUNCTION = YES;
				GCC_WARN_UNUSED_VARIABLE = YES;
				IPHONEOS_DEPLOYMENT_TARGET = 12.4;
				MTL_ENABLE_DEBUG_INFO = INCLUDE_SOURCE;
				MTL_FAST_MATH = YES;
				ONLY_ACTIVE_ARCH = YES;
				SDKROOT = iphoneos;
				SWIFT_ACTIVE_COMPILATION_CONDITIONS = DEBUG;
				SWIFT_OPTIMIZATION_LEVEL = "-Onone";
			};
			name = Debug;
		};
		BF204D49232CF0F700AC4E0E /* Release */ = {
			isa = XCBuildConfiguration;
			buildSettings = {
				ALWAYS_SEARCH_USER_PATHS = NO;
				CLANG_ANALYZER_NONNULL = YES;
				CLANG_ANALYZER_NUMBER_OBJECT_CONVERSION = YES_AGGRESSIVE;
				CLANG_CXX_LANGUAGE_STANDARD = "gnu++14";
				CLANG_CXX_LIBRARY = "libc++";
				CLANG_ENABLE_MODULES = YES;
				CLANG_ENABLE_OBJC_ARC = YES;
				CLANG_ENABLE_OBJC_WEAK = YES;
				CLANG_WARN_BLOCK_CAPTURE_AUTORELEASING = YES;
				CLANG_WARN_BOOL_CONVERSION = YES;
				CLANG_WARN_COMMA = YES;
				CLANG_WARN_CONSTANT_CONVERSION = YES;
				CLANG_WARN_DEPRECATED_OBJC_IMPLEMENTATIONS = YES;
				CLANG_WARN_DIRECT_OBJC_ISA_USAGE = YES_ERROR;
				CLANG_WARN_DOCUMENTATION_COMMENTS = YES;
				CLANG_WARN_EMPTY_BODY = YES;
				CLANG_WARN_ENUM_CONVERSION = YES;
				CLANG_WARN_INFINITE_RECURSION = YES;
				CLANG_WARN_INT_CONVERSION = YES;
				CLANG_WARN_NON_LITERAL_NULL_CONVERSION = YES;
				CLANG_WARN_OBJC_IMPLICIT_RETAIN_SELF = YES;
				CLANG_WARN_OBJC_LITERAL_CONVERSION = YES;
				CLANG_WARN_OBJC_ROOT_CLASS = YES_ERROR;
				CLANG_WARN_RANGE_LOOP_ANALYSIS = YES;
				CLANG_WARN_STRICT_PROTOTYPES = YES;
				CLANG_WARN_SUSPICIOUS_MOVE = YES;
				CLANG_WARN_UNGUARDED_AVAILABILITY = YES_AGGRESSIVE;
				CLANG_WARN_UNREACHABLE_CODE = YES;
				CLANG_WARN__DUPLICATE_METHOD_MATCH = YES;
				CODE_SIGN_IDENTITY = "iPhone Developer";
				COPY_PHASE_STRIP = NO;
				DEBUG_INFORMATION_FORMAT = "dwarf-with-dsym";
				ENABLE_NS_ASSERTIONS = NO;
				ENABLE_STRICT_OBJC_MSGSEND = YES;
				GCC_C_LANGUAGE_STANDARD = gnu11;
				GCC_NO_COMMON_BLOCKS = YES;
				GCC_WARN_64_TO_32_BIT_CONVERSION = YES;
				GCC_WARN_ABOUT_RETURN_TYPE = YES_ERROR;
				GCC_WARN_UNDECLARED_SELECTOR = YES;
				GCC_WARN_UNINITIALIZED_AUTOS = YES_AGGRESSIVE;
				GCC_WARN_UNUSED_FUNCTION = YES;
				GCC_WARN_UNUSED_VARIABLE = YES;
				IPHONEOS_DEPLOYMENT_TARGET = 12.4;
				MTL_ENABLE_DEBUG_INFO = NO;
				MTL_FAST_MATH = YES;
				SDKROOT = iphoneos;
				SWIFT_COMPILATION_MODE = wholemodule;
				SWIFT_OPTIMIZATION_LEVEL = "-O";
				VALIDATE_PRODUCT = YES;
			};
			name = Release;
		};
		BF204D4B232CF0F700AC4E0E /* Debug */ = {
			isa = XCBuildConfiguration;
			baseConfigurationReference = 45D481314A28E8143B95174D /* Pods-searchBio.debug.xcconfig */;
			buildSettings = {
				ASSETCATALOG_COMPILER_APPICON_NAME = AppIcon;
				CODE_SIGN_STYLE = Automatic;
				INFOPLIST_FILE = searchBio/Info.plist;
				LD_RUNPATH_SEARCH_PATHS = (
					"$(inherited)",
					"@executable_path/Frameworks",
				);
				PRODUCT_BUNDLE_IDENTIFIER = cmu.searchBio;
				PRODUCT_NAME = "$(TARGET_NAME)";
				SWIFT_VERSION = 5.0;
				TARGETED_DEVICE_FAMILY = "1,2";
			};
			name = Debug;
		};
		BF204D4C232CF0F700AC4E0E /* Release */ = {
			isa = XCBuildConfiguration;
			baseConfigurationReference = CD3F5E71B2C0889747983B1E /* Pods-searchBio.release.xcconfig */;
			buildSettings = {
				ASSETCATALOG_COMPILER_APPICON_NAME = AppIcon;
				CODE_SIGN_STYLE = Automatic;
				INFOPLIST_FILE = searchBio/Info.plist;
				LD_RUNPATH_SEARCH_PATHS = (
					"$(inherited)",
					"@executable_path/Frameworks",
				);
				PRODUCT_BUNDLE_IDENTIFIER = cmu.searchBio;
				PRODUCT_NAME = "$(TARGET_NAME)";
				SWIFT_VERSION = 5.0;
				TARGETED_DEVICE_FAMILY = "1,2";
			};
			name = Release;
		};
/* End XCBuildConfiguration section */

/* Begin XCConfigurationList section */
		BF204D33232CF0F600AC4E0E /* Build configuration list for PBXProject "searchBio" */ = {
			isa = XCConfigurationList;
			buildConfigurations = (
				BF204D48232CF0F700AC4E0E /* Debug */,
				BF204D49232CF0F700AC4E0E /* Release */,
			);
			defaultConfigurationIsVisible = 0;
			defaultConfigurationName = Release;
		};
		BF204D4A232CF0F700AC4E0E /* Build configuration list for PBXNativeTarget "searchBio" */ = {
			isa = XCConfigurationList;
			buildConfigurations = (
				BF204D4B232CF0F700AC4E0E /* Debug */,
				BF204D4C232CF0F700AC4E0E /* Release */,
			);
			defaultConfigurationIsVisible = 0;
			defaultConfigurationName = Release;
		};
/* End XCConfigurationList section */
	};
	rootObject = BF204D30232CF0F600AC4E0E /* Project object */;
}
